# This file is automatically @generated by Cargo.
# It is not intended for manual editing.
version = 4

[[package]]
name = "pcp-ai"
version = "0.1.0"
dependencies = [
 "pcp-config",
 "pcp-core",
 "pcp-db",
]

[[package]]
name = "pcp-api"
version = "0.1.0"
dependencies = [
 "pcp-ai",
 "pcp-config",
 "pcp-core",
 "pcp-db",
 "pcp-engine",
]

[[package]]
name = "pcp-config"
version = "0.1.0"

[[package]]
name = "pcp-core"
version = "0.1.0"

[[package]]
name = "pcp-db"
version = "0.1.0"
dependencies = [
 "pcp-core",
]

[[package]]
name = "pcp-engine"
version = "0.1.0"
dependencies = [
 "pcp-config",
 "pcp-core",
 "pcp-db",
]

[[package]]
name = "pcp-etl"
version = "0.1.0"
dependencies = [
 "pcp-core",
 "pcp-db",
]

[[package]]
name = "pcp-tests"
version = "0.1.0"

[[package]]
name = "pcp-web"
version = "0.1.0"
